
Microsoft Visual Studio Solution File, Format Version 12.00
# Visual Studio Version 16
VisualStudioVersion = 16.0.30804.86
MinimumVisualStudioVersion = 10.0.40219.1
Project("{FAE04EC0-301F-11D3-BF4B-00C04F79EFBC}") = "幸运者抽奖", "幸运者抽奖.csproj", "{B99E0432-F2AF-4080-B899-D7B89D7F95A0}"
EndProject
Global
	GlobalSection(SolutionConfigurationPlatforms) = preSolution
		Debug|Any CPU = Debug|Any CPU
		Release|Any CPU = Release|Any CPU
	EndGlobalSection
	GlobalSection(ProjectConfigurationPlatforms) = postSolution
		{B99E0432-F2AF-4080-B899-D7B89D7F95A0}.Debug|Any CPU.ActiveCfg = Debug|Any CPU
		{B99E0432-F2AF-4080-B899-D7B89D7F95A0}.Debug|Any CPU.Build.0 = Debug|Any CPU
		{B99E0432-F2AF-4080-B899-D7B89D7F95A0}.Release|Any CPU.ActiveCfg = Release|Any CPU
		{B99E0432-F2AF-4080-B899-D7B89D7F95A0}.Release|Any CPU.Build.0 = Release|Any CPU
	EndGlobalSection
	GlobalSection(SolutionProperties) = preSolution
		HideSolutionNode = FALSE
	EndGlobalSection
	GlobalSection(ExtensibilityGlobals) = postSolution
		SolutionGuid = {E3A8E432-586D-4A00-A1DA-DE06B7638D6B}
	EndGlobalSection
EndGlobal
